
Microsoft Visual Studio Solution File, Format Version 12.00
# Visual Studio Version 17
VisualStudioVersion = 17.10.34928.147
MinimumVisualStudioVersion = 10.0.40219.1
Project("{FAE04EC0-301F-11D3-BF4B-00C04F79EFBC}") = "LearnSkiaSharp", "LearnSkiaSharp.csproj", "{C4E2901B-0BFA-45AC-BDEA-928697373B4C}"
EndProject
Global
	GlobalSection(SolutionConfigurationPlatforms) = preSolution
		Debug|Any CPU = Debug|Any CPU
		Release|Any CPU = Release|Any CPU
	EndGlobalSection
	GlobalSection(ProjectConfigurationPlatforms) = postSolution
		{C4E2901B-0BFA-45AC-BDEA-928697373B4C}.Debug|Any CPU.ActiveCfg = Debug|Any CPU
		{C4E2901B-0BFA-45AC-BDEA-928697373B4C}.Debug|Any CPU.Build.0 = Debug|Any CPU
		{C4E2901B-0BFA-45AC-BDEA-928697373B4C}.Release|Any CPU.ActiveCfg = Release|Any CPU
		{C4E2901B-0BFA-45AC-BDEA-928697373B4C}.Release|Any CPU.Build.0 = Release|Any CPU
	EndGlobalSection
	GlobalSection(SolutionProperties) = preSolution
		HideSolutionNode = FALSE
	EndGlobalSection
	GlobalSection(ExtensibilityGlobals) = postSolution
		SolutionGuid = {2B1275A1-ED32-42E4-B6DD-B5267C22B1AB}
	EndGlobalSection
EndGlobal
